// !$*UTF8*$!
{
	archiveVersion = 1;
	classes = {
	};
	objectVersion = 46;
	objects = {

/* Begin PBXBuildFile section */
		84FE479D18FA119500E2C6A3 /* UIKit.framework in Frameworks */ = {isa = PBXBuildFile; fileRef = 84FE479C18FA119500E2C6A3 /* UIKit.framework */; };
		84FE479F18FA119500E2C6A3 /* Foundation.framework in Frameworks */ = {isa = PBXBuildFile; fileRef = 84FE479E18FA119500E2C6A3 /* Foundation.framework */; };
		84FE47A118FA119500E2C6A3 /* CoreGraphics.framework in Frameworks */ = {isa = PBXBuildFile; fileRef = 84FE47A018FA119500E2C6A3 /* CoreGraphics.framework */; };
		84FE47A318FA119500E2C6A3 /* CoreData.framework in Frameworks */ = {isa = PBXBuildFile; fileRef = 84FE47A218FA119500E2C6A3 /* CoreData.framework */; };
		84FE47A918FA119500E2C6A3 /* InfoPlist.strings in Resources */ = {isa = PBXBuildFile; fileRef = 84FE47A718FA119500E2C6A3 /* InfoPlist.strings */; };
		84FE47AB18FA119500E2C6A3 /* main.m in Sources */ = {isa = PBXBuildFile; fileRef = 84FE47AA18FA119500E2C6A3 /* main.m */; };
		84FE47AF18FA119500E2C6A3 /* AppDelegate.m in Sources */ = {isa = PBXBuildFile; fileRef = 84FE47AE18FA119500E2C6A3 /* AppDelegate.m */; };
		84FE47B118FA119500E2C6A3 /* Default.png in Resources */ = {isa = PBXBuildFile; fileRef = 84FE47B018FA119500E2C6A3 /* Default.png */; };
		84FE47B318FA119500E2C6A3 /* Default@2x.png in Resources */ = {isa = PBXBuildFile; fileRef = 84FE47B218FA119500E2C6A3 /* Default@2x.png */; };
		84FE47B518FA119500E2C6A3 /* Default-568h@2x.png in Resources */ = {isa = PBXBuildFile; fileRef = 84FE47B418FA119500E2C6A3 /* Default-568h@2x.png */; };
		84FE47B818FA119500E2C6A3 /* aika.xcdatamodeld in Sources */ = {isa = PBXBuildFile; fileRef = 84FE47B618FA119500E2C6A3 /* aika.xcdatamodeld */; };
/* End PBXBuildFile section */

/* Begin PBXFileReference section */
		84FE479918FA119500E2C6A3 /* aika.app */ = {isa = PBXFileReference; explicitFileType = wrapper.application; includeInIndex = 0; path = aika.app; sourceTree = BUILT_PRODUCTS_DIR; };
		84FE479C18FA119500E2C6A3 /* UIKit.framework */ = {isa = PBXFileReference; lastKnownFileType = wrapper.framework; name = UIKit.framework; path = System/Library/Frameworks/UIKit.framework; sourceTree = SDKROOT; };
		84FE479E18FA119500E2C6A3 /* Foundation.framework */ = {isa = PBXFileReference; lastKnownFileType = wrapper.framework; name = Foundation.framework; path = System/Library/Frameworks/Foundation.framework; sourceTree = SDKROOT; };
		84FE47A018FA119500E2C6A3 /* CoreGraphics.framework */ = {isa = PBXFileReference; lastKnownFileType = wrapper.framework; name = CoreGraphics.framework; path = System/Library/Frameworks/CoreGraphics.framework; sourceTree = SDKROOT; };
		84FE47A218FA119500E2C6A3 /* CoreData.framework */ = {isa = PBXFileReference; lastKnownFileType = wrapper.framework; name = CoreData.framework; path = System/Library/Frameworks/CoreData.framework; sourceTree = SDKROOT; };
		84FE47A618FA119500E2C6A3 /* aika-Info.plist */ = {isa = PBXFileReference; lastKnownFileType = text.plist.xml; path = "aika-Info.plist"; sourceTree = "<group>"; };
		84FE47A818FA119500E2C6A3 /* en */ = {isa = PBXFileReference; lastKnownFileType = text.plist.strings; name = en; path = en.lproj/InfoPlist.strings; sourceTree = "<group>"; };
		84FE47AA18FA119500E2C6A3 /* main.m */ = {isa = PBXFileReference; lastKnownFileType = sourcecode.c.objc; path = main.m; sourceTree = "<group>"; };
		84FE47AC18FA119500E2C6A3 /* aika-Prefix.pch */ = {isa = PBXFileReference; lastKnownFileType = sourcecode.c.h; path = "aika-Prefix.pch"; sourceTree = "<group>"; };
		84FE47AD18FA119500E2C6A3 /* AppDelegate.h */ = {isa = PBXFileReference; lastKnownFileType = sourcecode.c.h; path = AppDelegate.h; sourceTree = "<group>"; };
		84FE47AE18FA119500E2C6A3 /* AppDelegate.m */ = {isa = PBXFileReference; lastKnownFileType = sourcecode.c.objc; path = AppDelegate.m; sourceTree = "<group>"; };
		84FE47B018FA119500E2C6A3 /* Default.png */ = {isa = PBXFileReference; lastKnownFileType = image.png; path = Default.png; sourceTree = "<group>"; };
		84FE47B218FA119500E2C6A3 /* Default@2x.png */ = {isa = PBXFileReference; lastKnownFileType = image.png; path = "Default@2x.png"; sourceTree = "<group>"; };
		84FE47B418FA119500E2C6A3 /* Default-568h@2x.png */ = {isa = PBXFileReference; lastKnownFileType = image.png; path = "Default-568h@2x.png"; sourceTree = "<group>"; };
		84FE47B718FA119500E2C6A3 /* aika.xcdatamodel */ = {isa = PBXFileReference; lastKnownFileType = wrapper.xcdatamodel; path = aika.xcdatamodel; sourceTree = "<group>"; };
/* End PBXFileReference section */

/* Begin PBXFrameworksBuildPhase section */
		84FE479618FA119500E2C6A3 /* Frameworks */ = {
			isa = PBXFrameworksBuildPhase;
			buildActionMask = 2147483647;
			files = (
				84FE479D18FA119500E2C6A3 /* UIKit.framework in Frameworks */,
				84FE479F18FA119500E2C6A3 /* Foundation.framework in Frameworks */,
				84FE47A118FA119500E2C6A3 /* CoreGraphics.framework in Frameworks */,
				84FE47A318FA119500E2C6A3 /* CoreData.framework in Frameworks */,
			);
			runOnlyForDeploymentPostprocessing = 0;
		};
/* End PBXFrameworksBuildPhase section */

/* Begin PBXGroup section */
		84FE479018FA119500E2C6A3 = {
			isa = PBXGroup;
			children = (
				84FE47A418FA119500E2C6A3 /* aika */,
				84FE479B18FA119500E2C6A3 /* Frameworks */,
				84FE479A18FA119500E2C6A3 /* Products */,
			);
			sourceTree = "<group>";
		};
		84FE479A18FA119500E2C6A3 /* Products */ = {
			isa = PBXGroup;
			children = (
				84FE479918FA119500E2C6A3 /* aika.app */,
			);
			name = Products;
			sourceTree = "<group>";
		};
		84FE479B18FA119500E2C6A3 /* Frameworks */ = {
			isa = PBXGroup;
			children = (
				84FE479C18FA119500E2C6A3 /* UIKit.framework */,
				84FE479E18FA119500E2C6A3 /* Foundation.framework */,
				84FE47A018FA119500E2C6A3 /* CoreGraphics.framework */,
				84FE47A218FA119500E2C6A3 /* CoreData.framework */,
			);
			name = Frameworks;
			sourceTree = "<group>";
		};
		84FE47A418FA119500E2C6A3 /* aika */ = {
			isa = PBXGroup;
			children = (
				84FE47AD18FA119500E2C6A3 /* AppDelegate.h */,
				84FE47AE18FA119500E2C6A3 /* AppDelegate.m */,
				84FE47B618FA119500E2C6A3 /* aika.xcdatamodeld */,
				84FE47A518FA119500E2C6A3 /* Supporting Files */,
			);
			path = aika;
			sourceTree = "<group>";
		};
		84FE47A518FA119500E2C6A3 /* Supporting Files */ = {
			isa = PBXGroup;
			children = (
				84FE47A618FA119500E2C6A3 /* aika-Info.plist */,
				84FE47A718FA119500E2C6A3 /* InfoPlist.strings */,
				84FE47AA18FA119500E2C6A3 /* main.m */,
				84FE47AC18FA119500E2C6A3 /* aika-Prefix.pch */,
				84FE47B018FA119500E2C6A3 /* Default.png */,
				84FE47B218FA119500E2C6A3 /* Default@2x.png */,
				84FE47B418FA119500E2C6A3 /* Default-568h@2x.png */,
			);
			name = "Supporting Files";
			sourceTree = "<group>";
		};
/* End PBXGroup section */

/* Begin PBXNativeTarget section */
		84FE479818FA119500E2C6A3 /* aika */ = {
			isa = PBXNativeTarget;
			buildConfigurationList = 84FE47BB18FA119500E2C6A3 /* Build configuration list for PBXNativeTarget "aika" */;
			buildPhases = (
				84FE479518FA119500E2C6A3 /* Sources */,
				84FE479618FA119500E2C6A3 /* Frameworks */,
				84FE479718FA119500E2C6A3 /* Resources */,
			);
			buildRules = (
			);
			dependencies = (
			);
			name = aika;
			productName = aika;
			productReference = 84FE479918FA119500E2C6A3 /* aika.app */;
			productType = "com.apple.product-type.application";
		};
/* End PBXNativeTarget section */

/* Begin PBXProject section */
		84FE479118FA119500E2C6A3 /* Project object */ = {
			isa = PBXProject;
			attributes = {
				LastUpgradeCheck = 0460;
				ORGANIZATIONNAME = heigesoft;
			};
			buildConfigurationList = 84FE479418FA119500E2C6A3 /* Build configuration list for PBXProject "aika" */;
			compatibilityVersion = "Xcode 3.2";
			developmentRegion = English;
			hasScannedForEncodings = 0;
			knownRegions = (
				en,
			);
			mainGroup = 84FE479018FA119500E2C6A3;
			productRefGroup = 84FE479A18FA119500E2C6A3 /* Products */;
			projectDirPath = "";
			projectRoot = "";
			targets = (
				84FE479818FA119500E2C6A3 /* aika */,
			);
		};
/* End PBXProject section */

/* Begin PBXResourcesBuildPhase section */
		84FE479718FA119500E2C6A3 /* Resources */ = {
			isa = PBXResourcesBuildPhase;
			buildActionMask = 2147483647;
			files = (
				84FE47A918FA119500E2C6A3 /* InfoPlist.strings in Resources */,
				84FE47B118FA119500E2C6A3 /* Default.png in Resources */,
				84FE47B318FA119500E2C6A3 /* Default@2x.png in Resources */,
				84FE47B518FA119500E2C6A3 /* Default-568h@2x.png in Resources */,
			);
			runOnlyForDeploymentPostprocessing = 0;
		};
/* End PBXResourcesBuildPhase section */

/* Begin PBXSourcesBuildPhase section */
		84FE479518FA119500E2C6A3 /* Sources */ = {
			isa = PBXSourcesBuildPhase;
			buildActionMask = 2147483647;
			files = (
				84FE47AB18FA119500E2C6A3 /* main.m in Sources */,
				84FE47AF18FA119500E2C6A3 /* AppDelegate.m in Sources */,
				84FE47B818FA119500E2C6A3 /* aika.xcdatamodeld in Sources */,
			);
			runOnlyForDeploymentPostprocessing = 0;
		};
/* End PBXSourcesBuildPhase section */

/* Begin PBXVariantGroup section */
		84FE47A718FA119500E2C6A3 /* InfoPlist.strings */ = {
			isa = PBXVariantGroup;
			children = (
				84FE47A818FA119500E2C6A3 /* en */,
			);
			name = InfoPlist.strings;
			sourceTree = "<group>";
		};
/* End PBXVariantGroup section */

/* Begin XCBuildConfiguration section */
		84FE47B918FA119500E2C6A3 /* Debug */ = {
			isa = XCBuildConfiguration;
			buildSettings = {
				ALWAYS_SEARCH_USER_PATHS = NO;
				CLANG_CXX_LANGUAGE_STANDARD = "gnu++0x";
				CLANG_CXX_LIBRARY = "libc++";
				CLANG_WARN_CONSTANT_CONVERSION = YES;
				CLANG_WARN_EMPTY_BODY = YES;
				CLANG_WARN_ENUM_CONVERSION = YES;
				CLANG_WARN_INT_CONVERSION = YES;
				CLANG_WARN__DUPLICATE_METHOD_MATCH = YES;
				"CODE_SIGN_IDENTITY[sdk=iphoneos*]" = "iPhone Developer";
				COPY_PHASE_STRIP = NO;
				GCC_C_LANGUAGE_STANDARD = gnu99;
				GCC_DYNAMIC_NO_PIC = NO;
				GCC_OPTIMIZATION_LEVEL = 0;
				GCC_PREPROCESSOR_DEFINITIONS = (
					"DEBUG=1",
					"$(inherited)",
				);
				GCC_SYMBOLS_PRIVATE_EXTERN = NO;
				GCC_WARN_ABOUT_RETURN_TYPE = YES;
				GCC_WARN_UNINITIALIZED_AUTOS = YES;
				GCC_WARN_UNUSED_VARIABLE = YES;
				IPHONEOS_DEPLOYMENT_TARGET = 6.1;
				ONLY_ACTIVE_ARCH = YES;
				SDKROOT = iphoneos;
			};
			name = Debug;
		};
		84FE47BA18FA119500E2C6A3 /* Release */ = {
			isa = XCBuildConfiguration;
			buildSettings = {
				ALWAYS_SEARCH_USER_PATHS = NO;
				CLANG_CXX_LANGUAGE_STANDARD = "gnu++0x";
				CLANG_CXX_LIBRARY = "libc++";
				CLANG_WARN_CONSTANT_CONVERSION = YES;
				CLANG_WARN_EMPTY_BODY = YES;
				CLANG_WARN_ENUM_CONVERSION = YES;
				CLANG_WARN_INT_CONVERSION = YES;
				CLANG_WARN__DUPLICATE_METHOD_MATCH = YES;
				"CODE_SIGN_IDENTITY[sdk=iphoneos*]" = "iPhone Developer";
				COPY_PHASE_STRIP = YES;
				GCC_C_LANGUAGE_STANDARD = gnu99;
				GCC_WARN_ABOUT_RETURN_TYPE = YES;
				GCC_WARN_UNINITIALIZED_AUTOS = YES;
				GCC_WARN_UNUSED_VARIABLE = YES;
				IPHONEOS_DEPLOYMENT_TARGET = 6.1;
				OTHER_CFLAGS = "-DNS_BLOCK_ASSERTIONS=1";
				SDKROOT = iphoneos;
				VALIDATE_PRODUCT = YES;
			};
			name = Release;
		};
		84FE47BC18FA119500E2C6A3 /* Debug */ = {
			isa = XCBuildConfiguration;
			buildSettings = {
				GCC_PRECOMPILE_PREFIX_HEADER = YES;
				GCC_PREFIX_HEADER = "aika/aika-Prefix.pch";
				INFOPLIST_FILE = "aika/aika-Info.plist";
				PRODUCT_NAME = "$(TARGET_NAME)";
				WRAPPER_EXTENSION = app;
			};
			name = Debug;
		};
		84FE47BD18FA119500E2C6A3 /* Release */ = {
			isa = XCBuildConfiguration;
			buildSettings = {
				GCC_PRECOMPILE_PREFIX_HEADER = YES;
				GCC_PREFIX_HEADER = "aika/aika-Prefix.pch";
				INFOPLIST_FILE = "aika/aika-Info.plist";
				PRODUCT_NAME = "$(TARGET_NAME)";
				WRAPPER_EXTENSION = app;
			};
			name = Release;
		};
/* End XCBuildConfiguration section */

/* Begin XCConfigurationList section */
		84FE479418FA119500E2C6A3 /* Build configuration list for PBXProject "aika" */ = {
			isa = XCConfigurationList;
			buildConfigurations = (
				84FE47B918FA119500E2C6A3 /* Debug */,
				84FE47BA18FA119500E2C6A3 /* Release */,
			);
			defaultConfigurationIsVisible = 0;
			defaultConfigurationName = Release;
		};
		84FE47BB18FA119500E2C6A3 /* Build configuration list for PBXNativeTarget "aika" */ = {
			isa = XCConfigurationList;
			buildConfigurations = (
				84FE47BC18FA119500E2C6A3 /* Debug */,
				84FE47BD18FA119500E2C6A3 /* Release */,
			);
			defaultConfigurationIsVisible = 0;
		};
/* End XCConfigurationList section */

/* Begin XCVersionGroup section */
		84FE47B618FA119500E2C6A3 /* aika.xcdatamodeld */ = {
			isa = XCVersionGroup;
			children = (
				84FE47B718FA119500E2C6A3 /* aika.xcdatamodel */,
			);
			currentVersion = 84FE47B718FA119500E2C6A3 /* aika.xcdatamodel */;
			path = aika.xcdatamodeld;
			sourceTree = "<group>";
			versionGroupType = wrapper.xcdatamodel;
		};
/* End XCVersionGroup section */
	};
	rootObject = 84FE479118FA119500E2C6A3 /* Project object */;
}
